
Microsoft Visual Studio Solution File, Format Version 12.00
# Visual Studio Version 16
VisualStudioVersion = 16.0.29123.88
MinimumVisualStudioVersion = 10.0.40219.1
Project("{FAE04EC0-301F-11D3-BF4B-00C04F79EFBC}") = "Assigment2last", "Assigment2last\Assigment2last.csproj", "{E0F3065C-8B1E-4D2A-B30E-0F73FFE68966}"
EndProject
Global
	GlobalSection(SolutionConfigurationPlatforms) = preSolution
		Debug|Any CPU = Debug|Any CPU
		Release|Any CPU = Release|Any CPU
	EndGlobalSection
	GlobalSection(ProjectConfigurationPlatforms) = postSolution
		{E0F3065C-8B1E-4D2A-B30E-0F73FFE68966}.Debug|Any CPU.ActiveCfg = Debug|Any CPU
		{E0F3065C-8B1E-4D2A-B30E-0F73FFE68966}.Debug|Any CPU.Build.0 = Debug|Any CPU
		{E0F3065C-8B1E-4D2A-B30E-0F73FFE68966}.Release|Any CPU.ActiveCfg = Release|Any CPU
		{E0F3065C-8B1E-4D2A-B30E-0F73FFE68966}.Release|Any CPU.Build.0 = Release|Any CPU
	EndGlobalSection
	GlobalSection(SolutionProperties) = preSolution
		HideSolutionNode = FALSE
	EndGlobalSection
	GlobalSection(ExtensibilityGlobals) = postSolution
		SolutionGuid = {7F7C1573-1CFB-45A8-A905-87A3277D2C0F}
	EndGlobalSection
EndGlobal
